
Microsoft Visual Studio Solution File, Format Version 12.00
# Visual Studio 14
VisualStudioVersion = 14.0.25420.1
MinimumVisualStudioVersion = 10.0.40219.1
Project("{FAE04EC0-301F-11D3-BF4B-00C04F79EFBC}") = "01.Sino The Walker", "01.Sino The Walker\01.Sino The Walker.csproj", "{CADF180E-0CF8-490F-9BE4-A3D4293E039B}"
EndProject
Project("{FAE04EC0-301F-11D3-BF4B-00C04F79EFBC}") = "02. SoftUni Karaoke", "02. SoftUni Karaoke\02. SoftUni Karaoke.csproj", "{C91DFF9F-AE5E-4360-8465-198132C2E559}"
EndProject
Project("{FAE04EC0-301F-11D3-BF4B-00C04F79EFBC}") = "00.Test", "00.Test\00.Test.csproj", "{86CE6B05-7158-4840-AC04-C720EF3BA541}"
EndProject
Project("{FAE04EC0-301F-11D3-BF4B-00C04F79EFBC}") = "03. Endurance Rally", "03. Endurance Rally\03. Endurance Rally.csproj", "{149E3097-824C-444C-96A4-80915BD44C3D}"
EndProject
Project("{FAE04EC0-301F-11D3-BF4B-00C04F79EFBC}") = "04. Winning Ticket", "04. Winning Ticket\04. Winning Ticket.csproj", "{DE5EA1C9-7647-42B4-83DD-5790F851CF79}"
EndProject
Global
	GlobalSection(SolutionConfigurationPlatforms) = preSolution
		Debug|Any CPU = Debug|Any CPU
		Release|Any CPU = Release|Any CPU
	EndGlobalSection
	GlobalSection(ProjectConfigurationPlatforms) = postSolution
		{CADF180E-0CF8-490F-9BE4-A3D4293E039B}.Debug|Any CPU.ActiveCfg = Debug|Any CPU
		{CADF180E-0CF8-490F-9BE4-A3D4293E039B}.Debug|Any CPU.Build.0 = Debug|Any CPU
		{CADF180E-0CF8-490F-9BE4-A3D4293E039B}.Release|Any CPU.ActiveCfg = Release|Any CPU
		{CADF180E-0CF8-490F-9BE4-A3D4293E039B}.Release|Any CPU.Build.0 = Release|Any CPU
		{C91DFF9F-AE5E-4360-8465-198132C2E559}.Debug|Any CPU.ActiveCfg = Debug|Any CPU
		{C91DFF9F-AE5E-4360-8465-198132C2E559}.Debug|Any CPU.Build.0 = Debug|Any CPU
		{C91DFF9F-AE5E-4360-8465-198132C2E559}.Release|Any CPU.ActiveCfg = Release|Any CPU
		{C91DFF9F-AE5E-4360-8465-198132C2E559}.Release|Any CPU.Build.0 = Release|Any CPU
		{86CE6B05-7158-4840-AC04-C720EF3BA541}.Debug|Any CPU.ActiveCfg = Debug|Any CPU
		{86CE6B05-7158-4840-AC04-C720EF3BA541}.Debug|Any CPU.Build.0 = Debug|Any CPU
		{86CE6B05-7158-4840-AC04-C720EF3BA541}.Release|Any CPU.ActiveCfg = Release|Any CPU
		{86CE6B05-7158-4840-AC04-C720EF3BA541}.Release|Any CPU.Build.0 = Release|Any CPU
		{149E3097-824C-444C-96A4-80915BD44C3D}.Debug|Any CPU.ActiveCfg = Debug|Any CPU
		{149E3097-824C-444C-96A4-80915BD44C3D}.Debug|Any CPU.Build.0 = Debug|Any CPU
		{149E3097-824C-444C-96A4-80915BD44C3D}.Release|Any CPU.ActiveCfg = Release|Any CPU
		{149E3097-824C-444C-96A4-80915BD44C3D}.Release|Any CPU.Build.0 = Release|Any CPU
		{DE5EA1C9-7647-42B4-83DD-5790F851CF79}.Debug|Any CPU.ActiveCfg = Debug|Any CPU
		{DE5EA1C9-7647-42B4-83DD-5790F851CF79}.Debug|Any CPU.Build.0 = Debug|Any CPU
		{DE5EA1C9-7647-42B4-83DD-5790F851CF79}.Release|Any CPU.ActiveCfg = Release|Any CPU
		{DE5EA1C9-7647-42B4-83DD-5790F851CF79}.Release|Any CPU.Build.0 = Release|Any CPU
	EndGlobalSection
	GlobalSection(SolutionProperties) = preSolution
		HideSolutionNode = FALSE
	EndGlobalSection
EndGlobal
