
Microsoft Visual Studio Solution File, Format Version 12.00
# Visual Studio 14
VisualStudioVersion = 14.0.25420.1
MinimumVisualStudioVersion = 10.0.40219.1
Project("{FAE04EC0-301F-11D3-BF4B-00C04F79EFBC}") = "01. Time Since Birthday", "Numeral Types and Type Conversion\01. Time Since Birthday.csproj", "{C76BAE46-CB64-45EB-BF43-57B2245EC589}"
EndProject
Project("{FAE04EC0-301F-11D3-BF4B-00C04F79EFBC}") = "02. Circle Perimeter", "02. Circle Perimeter\02. Circle Perimeter.csproj", "{75587C4B-1E9F-452D-8BB6-A2728253AE64}"
EndProject
Project("{FAE04EC0-301F-11D3-BF4B-00C04F79EFBC}") = "03. Exact Product of Real Numbers", "03. Exact Product of Real Numbers\03. Exact Product of Real Numbers.csproj", "{1B92B395-B536-40F4-B5F5-7E313D821D88}"
EndProject
Global
	GlobalSection(SolutionConfigurationPlatforms) = preSolution
		Debug|Any CPU = Debug|Any CPU
		Release|Any CPU = Release|Any CPU
	EndGlobalSection
	GlobalSection(ProjectConfigurationPlatforms) = postSolution
		{C76BAE46-CB64-45EB-BF43-57B2245EC589}.Debug|Any CPU.ActiveCfg = Debug|Any CPU
		{C76BAE46-CB64-45EB-BF43-57B2245EC589}.Debug|Any CPU.Build.0 = Debug|Any CPU
		{C76BAE46-CB64-45EB-BF43-57B2245EC589}.Release|Any CPU.ActiveCfg = Release|Any CPU
		{C76BAE46-CB64-45EB-BF43-57B2245EC589}.Release|Any CPU.Build.0 = Release|Any CPU
		{75587C4B-1E9F-452D-8BB6-A2728253AE64}.Debug|Any CPU.ActiveCfg = Debug|Any CPU
		{75587C4B-1E9F-452D-8BB6-A2728253AE64}.Debug|Any CPU.Build.0 = Debug|Any CPU
		{75587C4B-1E9F-452D-8BB6-A2728253AE64}.Release|Any CPU.ActiveCfg = Release|Any CPU
		{75587C4B-1E9F-452D-8BB6-A2728253AE64}.Release|Any CPU.Build.0 = Release|Any CPU
		{1B92B395-B536-40F4-B5F5-7E313D821D88}.Debug|Any CPU.ActiveCfg = Debug|Any CPU
		{1B92B395-B536-40F4-B5F5-7E313D821D88}.Debug|Any CPU.Build.0 = Debug|Any CPU
		{1B92B395-B536-40F4-B5F5-7E313D821D88}.Release|Any CPU.ActiveCfg = Release|Any CPU
		{1B92B395-B536-40F4-B5F5-7E313D821D88}.Release|Any CPU.Build.0 = Release|Any CPU
	EndGlobalSection
	GlobalSection(SolutionProperties) = preSolution
		HideSolutionNode = FALSE
	EndGlobalSection
EndGlobal
