
Microsoft Visual Studio Solution File, Format Version 12.00
# Visual Studio 14
VisualStudioVersion = 14.0.25420.1
MinimumVisualStudioVersion = 10.0.40219.1
Project("{FAE04EC0-301F-11D3-BF4B-00C04F79EFBC}") = "00.Test", "00.Test\00.Test.csproj", "{B3C1072B-8D2C-4F42-AEBE-4A3B4D7EB5B9}"
EndProject
Project("{FAE04EC0-301F-11D3-BF4B-00C04F79EFBC}") = "01. Serialize String", "01. Serialize String\01. Serialize String.csproj", "{AE0382EB-77E5-42DC-A308-24DB063ABCD9}"
EndProject
Project("{FAE04EC0-301F-11D3-BF4B-00C04F79EFBC}") = "02. Stateless", "02. Stateless\02. Stateless.csproj", "{00634C19-A44A-46DC-B7E4-55AF933007A9}"
EndProject
Project("{FAE04EC0-301F-11D3-BF4B-00C04F79EFBC}") = "03. Pyramidic", "03. Pyramidic\03. Pyramidic.csproj", "{D0DFE44B-4848-44BE-AF38-540283785C2D}"
EndProject
Global
	GlobalSection(SolutionConfigurationPlatforms) = preSolution
		Debug|Any CPU = Debug|Any CPU
		Release|Any CPU = Release|Any CPU
	EndGlobalSection
	GlobalSection(ProjectConfigurationPlatforms) = postSolution
		{B3C1072B-8D2C-4F42-AEBE-4A3B4D7EB5B9}.Debug|Any CPU.ActiveCfg = Debug|Any CPU
		{B3C1072B-8D2C-4F42-AEBE-4A3B4D7EB5B9}.Debug|Any CPU.Build.0 = Debug|Any CPU
		{B3C1072B-8D2C-4F42-AEBE-4A3B4D7EB5B9}.Release|Any CPU.ActiveCfg = Release|Any CPU
		{B3C1072B-8D2C-4F42-AEBE-4A3B4D7EB5B9}.Release|Any CPU.Build.0 = Release|Any CPU
		{AE0382EB-77E5-42DC-A308-24DB063ABCD9}.Debug|Any CPU.ActiveCfg = Debug|Any CPU
		{AE0382EB-77E5-42DC-A308-24DB063ABCD9}.Debug|Any CPU.Build.0 = Debug|Any CPU
		{AE0382EB-77E5-42DC-A308-24DB063ABCD9}.Release|Any CPU.ActiveCfg = Release|Any CPU
		{AE0382EB-77E5-42DC-A308-24DB063ABCD9}.Release|Any CPU.Build.0 = Release|Any CPU
		{00634C19-A44A-46DC-B7E4-55AF933007A9}.Debug|Any CPU.ActiveCfg = Debug|Any CPU
		{00634C19-A44A-46DC-B7E4-55AF933007A9}.Debug|Any CPU.Build.0 = Debug|Any CPU
		{00634C19-A44A-46DC-B7E4-55AF933007A9}.Release|Any CPU.ActiveCfg = Release|Any CPU
		{00634C19-A44A-46DC-B7E4-55AF933007A9}.Release|Any CPU.Build.0 = Release|Any CPU
		{D0DFE44B-4848-44BE-AF38-540283785C2D}.Debug|Any CPU.ActiveCfg = Debug|Any CPU
		{D0DFE44B-4848-44BE-AF38-540283785C2D}.Debug|Any CPU.Build.0 = Debug|Any CPU
		{D0DFE44B-4848-44BE-AF38-540283785C2D}.Release|Any CPU.ActiveCfg = Release|Any CPU
		{D0DFE44B-4848-44BE-AF38-540283785C2D}.Release|Any CPU.Build.0 = Release|Any CPU
	EndGlobalSection
	GlobalSection(SolutionProperties) = preSolution
		HideSolutionNode = FALSE
	EndGlobalSection
EndGlobal
